// !$*UTF8*$!
{
	archiveVersion = 1;
	classes = {
	};
	objectVersion = 50;
	objects = {

/* Begin PBXBuildFile section */
		359AE564247F9D240067C201 /* TimerViewController.swift in Sources */ = {isa = PBXBuildFile; fileRef = 359AE563247F9D240067C201 /* TimerViewController.swift */; };
		359AE566247F9FD00067C201 /* TimerStoryboard.storyboard in Resources */ = {isa = PBXBuildFile; fileRef = 359AE565247F9FD00067C201 /* TimerStoryboard.storyboard */; };
		35EEBD95247E17160028AC6F /* AlertService.swift in Sources */ = {isa = PBXBuildFile; fileRef = 35EEBD94247E17160028AC6F /* AlertService.swift */; };
		35EEBD99247E18CA0028AC6F /* AlertViewController.swift in Sources */ = {isa = PBXBuildFile; fileRef = 35EEBD98247E18C90028AC6F /* AlertViewController.swift */; };
		35EEBD9C247E18EB0028AC6F /* AlertStoryboard.storyboard in Resources */ = {isa = PBXBuildFile; fileRef = 35EEBD9A247E18EB0028AC6F /* AlertStoryboard.storyboard */; };
		E24866072453C3C8009E66D4 /* AppDelegate.swift in Sources */ = {isa = PBXBuildFile; fileRef = E24866062453C3C8009E66D4 /* AppDelegate.swift */; };
		E24866092453C3C8009E66D4 /* SceneDelegate.swift in Sources */ = {isa = PBXBuildFile; fileRef = E24866082453C3C8009E66D4 /* SceneDelegate.swift */; };
		E248660B2453C3C8009E66D4 /* ViewController.swift in Sources */ = {isa = PBXBuildFile; fileRef = E248660A2453C3C8009E66D4 /* ViewController.swift */; };
		E248660E2453C3C8009E66D4 /* Main.storyboard in Resources */ = {isa = PBXBuildFile; fileRef = E248660C2453C3C8009E66D4 /* Main.storyboard */; };
		E24866102453C3C9009E66D4 /* Assets.xcassets in Resources */ = {isa = PBXBuildFile; fileRef = E248660F2453C3C9009E66D4 /* Assets.xcassets */; };
		E24866132453C3C9009E66D4 /* LaunchScreen.storyboard in Resources */ = {isa = PBXBuildFile; fileRef = E24866112453C3C9009E66D4 /* LaunchScreen.storyboard */; };
		E2608E90246745F300370C62 /* ArduinoPeripheral.swift in Sources */ = {isa = PBXBuildFile; fileRef = E2608E8F246745F300370C62 /* ArduinoPeripheral.swift */; };
		E2608E92246B48E900370C62 /* README.rtf in Resources */ = {isa = PBXBuildFile; fileRef = E2608E91246B48E900370C62 /* README.rtf */; };
		E2608E94246B550800370C62 /* Default-568h@2x.png in Resources */ = {isa = PBXBuildFile; fileRef = E2608E93246B550800370C62 /* Default-568h@2x.png */; };
/* End PBXBuildFile section */

/* Begin PBXFileReference section */
		359AE563247F9D240067C201 /* TimerViewController.swift */ = {isa = PBXFileReference; lastKnownFileType = sourcecode.swift; path = TimerViewController.swift; sourceTree = "<group>"; };
		359AE565247F9FD00067C201 /* TimerStoryboard.storyboard */ = {isa = PBXFileReference; lastKnownFileType = file.storyboard; path = TimerStoryboard.storyboard; sourceTree = "<group>"; };
		35EEBD94247E17160028AC6F /* AlertService.swift */ = {isa = PBXFileReference; lastKnownFileType = sourcecode.swift; path = AlertService.swift; sourceTree = "<group>"; };
		35EEBD98247E18C90028AC6F /* AlertViewController.swift */ = {isa = PBXFileReference; fileEncoding = 4; lastKnownFileType = sourcecode.swift; path = AlertViewController.swift; sourceTree = "<group>"; };
		35EEBD9B247E18EB0028AC6F /* Base */ = {isa = PBXFileReference; lastKnownFileType = file.storyboard; name = Base; path = Base.lproj/AlertStoryboard.storyboard; sourceTree = "<group>"; };
		E24866032453C3C8009E66D4 /* HeatSync.app */ = {isa = PBXFileReference; explicitFileType = wrapper.application; includeInIndex = 0; path = HeatSync.app; sourceTree = BUILT_PRODUCTS_DIR; };
		E24866062453C3C8009E66D4 /* AppDelegate.swift */ = {isa = PBXFileReference; lastKnownFileType = sourcecode.swift; path = AppDelegate.swift; sourceTree = "<group>"; };
		E24866082453C3C8009E66D4 /* SceneDelegate.swift */ = {isa = PBXFileReference; lastKnownFileType = sourcecode.swift; path = SceneDelegate.swift; sourceTree = "<group>"; };
		E248660A2453C3C8009E66D4 /* ViewController.swift */ = {isa = PBXFileReference; lastKnownFileType = sourcecode.swift; path = ViewController.swift; sourceTree = "<group>"; };
		E248660D2453C3C8009E66D4 /* Base */ = {isa = PBXFileReference; lastKnownFileType = file.storyboard; name = Base; path = Base.lproj/Main.storyboard; sourceTree = "<group>"; };
		E248660F2453C3C9009E66D4 /* Assets.xcassets */ = {isa = PBXFileReference; lastKnownFileType = folder.assetcatalog; path = Assets.xcassets; sourceTree = "<group>"; };
		E24866122453C3C9009E66D4 /* Base */ = {isa = PBXFileReference; lastKnownFileType = file.storyboard; name = Base; path = Base.lproj/LaunchScreen.storyboard; sourceTree = "<group>"; };
		E24866142453C3C9009E66D4 /* Info.plist */ = {isa = PBXFileReference; lastKnownFileType = text.plist.xml; path = Info.plist; sourceTree = "<group>"; };
		E2608E8F246745F300370C62 /* ArduinoPeripheral.swift */ = {isa = PBXFileReference; lastKnownFileType = sourcecode.swift; path = ArduinoPeripheral.swift; sourceTree = SOURCE_ROOT; };
		E2608E91246B48E900370C62 /* README.rtf */ = {isa = PBXFileReference; lastKnownFileType = text.rtf; path = README.rtf; sourceTree = "<group>"; };
		E2608E93246B550800370C62 /* Default-568h@2x.png */ = {isa = PBXFileReference; lastKnownFileType = image.png; path = "Default-568h@2x.png"; sourceTree = "<group>"; };
/* End PBXFileReference section */

/* Begin PBXFrameworksBuildPhase section */
		E24866002453C3C8009E66D4 /* Frameworks */ = {
			isa = PBXFrameworksBuildPhase;
			buildActionMask = 2147483647;
			files = (
			);
			runOnlyForDeploymentPostprocessing = 0;
		};
/* End PBXFrameworksBuildPhase section */

/* Begin PBXGroup section */
		E24865FA2453C3C8009E66D4 = {
			isa = PBXGroup;
			children = (
				E2608E93246B550800370C62 /* Default-568h@2x.png */,
				E24866052453C3C8009E66D4 /* HeatSync */,
				E24866042453C3C8009E66D4 /* Products */,
			);
			sourceTree = "<group>";
		};
		E24866042453C3C8009E66D4 /* Products */ = {
			isa = PBXGroup;
			children = (
				E24866032453C3C8009E66D4 /* HeatSync.app */,
			);
			name = Products;
			sourceTree = "<group>";
		};
		E24866052453C3C8009E66D4 /* HeatSync */ = {
			isa = PBXGroup;
			children = (
				E2608E91246B48E900370C62 /* README.rtf */,
				E24866062453C3C8009E66D4 /* AppDelegate.swift */,
				E2608E8F246745F300370C62 /* ArduinoPeripheral.swift */,
				E24866082453C3C8009E66D4 /* SceneDelegate.swift */,
				E248660A2453C3C8009E66D4 /* ViewController.swift */,
				35EEBD94247E17160028AC6F /* AlertService.swift */,
				35EEBD98247E18C90028AC6F /* AlertViewController.swift */,
				359AE563247F9D240067C201 /* TimerViewController.swift */,
				E248660C2453C3C8009E66D4 /* Main.storyboard */,
				E24866112453C3C9009E66D4 /* LaunchScreen.storyboard */,
				35EEBD9A247E18EB0028AC6F /* AlertStoryboard.storyboard */,
				359AE565247F9FD00067C201 /* TimerStoryboard.storyboard */,
				E248660F2453C3C9009E66D4 /* Assets.xcassets */,
				E24866142453C3C9009E66D4 /* Info.plist */,
			);
			path = HeatSync;
			sourceTree = "<group>";
		};
/* End PBXGroup section */

/* Begin PBXNativeTarget section */
		E24866022453C3C8009E66D4 /* HeatSync */ = {
			isa = PBXNativeTarget;
			buildConfigurationList = E24866172453C3C9009E66D4 /* Build configuration list for PBXNativeTarget "HeatSync" */;
			buildPhases = (
				E24865FF2453C3C8009E66D4 /* Sources */,
				E24866002453C3C8009E66D4 /* Frameworks */,
				E24866012453C3C8009E66D4 /* Resources */,
			);
			buildRules = (
			);
			dependencies = (
			);
			name = HeatSync;
			productName = TempControl2;
			productReference = E24866032453C3C8009E66D4 /* HeatSync.app */;
			productType = "com.apple.product-type.application";
		};
/* End PBXNativeTarget section */

/* Begin PBXProject section */
		E24865FB2453C3C8009E66D4 /* Project object */ = {
			isa = PBXProject;
			attributes = {
				LastSwiftUpdateCheck = 1140;
				LastUpgradeCheck = 1140;
				ORGANIZATIONNAME = "Michael Marsella";
				TargetAttributes = {
					E24866022453C3C8009E66D4 = {
						CreatedOnToolsVersion = 11.4;
					};
				};
			};
			buildConfigurationList = E24865FE2453C3C8009E66D4 /* Build configuration list for PBXProject "HeatSync" */;
			compatibilityVersion = "Xcode 9.3";
			developmentRegion = en;
			hasScannedForEncodings = 0;
			knownRegions = (
				en,
				Base,
			);
			mainGroup = E24865FA2453C3C8009E66D4;
			productRefGroup = E24866042453C3C8009E66D4 /* Products */;
			projectDirPath = "";
			projectRoot = "";
			targets = (
				E24866022453C3C8009E66D4 /* HeatSync */,
			);
		};
/* End PBXProject section */

/* Begin PBXResourcesBuildPhase section */
		E24866012453C3C8009E66D4 /* Resources */ = {
			isa = PBXResourcesBuildPhase;
			buildActionMask = 2147483647;
			files = (
				E24866132453C3C9009E66D4 /* LaunchScreen.storyboard in Resources */,
				E24866102453C3C9009E66D4 /* Assets.xcassets in Resources */,
				E2608E92246B48E900370C62 /* README.rtf in Resources */,
				E2608E94246B550800370C62 /* Default-568h@2x.png in Resources */,
				359AE566247F9FD00067C201 /* TimerStoryboard.storyboard in Resources */,
				35EEBD9C247E18EB0028AC6F /* AlertStoryboard.storyboard in Resources */,
				E248660E2453C3C8009E66D4 /* Main.storyboard in Resources */,
			);
			runOnlyForDeploymentPostprocessing = 0;
		};
/* End PBXResourcesBuildPhase section */

/* Begin PBXSourcesBuildPhase section */
		E24865FF2453C3C8009E66D4 /* Sources */ = {
			isa = PBXSourcesBuildPhase;
			buildActionMask = 2147483647;
			files = (
				E2608E90246745F300370C62 /* ArduinoPeripheral.swift in Sources */,
				35EEBD99247E18CA0028AC6F /* AlertViewController.swift in Sources */,
				E248660B2453C3C8009E66D4 /* ViewController.swift in Sources */,
				359AE564247F9D240067C201 /* TimerViewController.swift in Sources */,
				E24866072453C3C8009E66D4 /* AppDelegate.swift in Sources */,
				35EEBD95247E17160028AC6F /* AlertService.swift in Sources */,
				E24866092453C3C8009E66D4 /* SceneDelegate.swift in Sources */,
			);
			runOnlyForDeploymentPostprocessing = 0;
		};
/* End PBXSourcesBuildPhase section */

/* Begin PBXVariantGroup section */
		35EEBD9A247E18EB0028AC6F /* AlertStoryboard.storyboard */ = {
			isa = PBXVariantGroup;
			children = (
				35EEBD9B247E18EB0028AC6F /* Base */,
			);
			name = AlertStoryboard.storyboard;
			sourceTree = "<group>";
		};
		E248660C2453C3C8009E66D4 /* Main.storyboard */ = {
			isa = PBXVariantGroup;
			children = (
				E248660D2453C3C8009E66D4 /* Base */,
			);
			name = Main.storyboard;
			sourceTree = "<group>";
		};
		E24866112453C3C9009E66D4 /* LaunchScreen.storyboard */ = {
			isa = PBXVariantGroup;
			children = (
				E24866122453C3C9009E66D4 /* Base */,
			);
			name = LaunchScreen.storyboard;
			sourceTree = "<group>";
		};
/* End PBXVariantGroup section */

/* Begin XCBuildConfiguration section */
		E24866152453C3C9009E66D4 /* Debug */ = {
			isa = XCBuildConfiguration;
			buildSettings = {
				ALWAYS_SEARCH_USER_PATHS = NO;
				CLANG_ANALYZER_NONNULL = YES;
				CLANG_ANALYZER_NUMBER_OBJECT_CONVERSION = YES_AGGRESSIVE;
				CLANG_CXX_LANGUAGE_STANDARD = "gnu++14";
				CLANG_CXX_LIBRARY = "libc++";
				CLANG_ENABLE_MODULES = YES;
				CLANG_ENABLE_OBJC_ARC = YES;
				CLANG_ENABLE_OBJC_WEAK = YES;
				CLANG_WARN_BLOCK_CAPTURE_AUTORELEASING = YES;
				CLANG_WARN_BOOL_CONVERSION = YES;
				CLANG_WARN_COMMA = YES;
				CLANG_WARN_CONSTANT_CONVERSION = YES;
				CLANG_WARN_DEPRECATED_OBJC_IMPLEMENTATIONS = YES;
				CLANG_WARN_DIRECT_OBJC_ISA_USAGE = YES_ERROR;
				CLANG_WARN_DOCUMENTATION_COMMENTS = YES;
				CLANG_WARN_EMPTY_BODY = YES;
				CLANG_WARN_ENUM_CONVERSION = YES;
				CLANG_WARN_INFINITE_RECURSION = YES;
				CLANG_WARN_INT_CONVERSION = YES;
				CLANG_WARN_NON_LITERAL_NULL_CONVERSION = YES;
				CLANG_WARN_OBJC_IMPLICIT_RETAIN_SELF = YES;
				CLANG_WARN_OBJC_LITERAL_CONVERSION = YES;
				CLANG_WARN_OBJC_ROOT_CLASS = YES_ERROR;
				CLANG_WARN_RANGE_LOOP_ANALYSIS = YES;
				CLANG_WARN_STRICT_PROTOTYPES = YES;
				CLANG_WARN_SUSPICIOUS_MOVE = YES;
				CLANG_WARN_UNGUARDED_AVAILABILITY = YES_AGGRESSIVE;
				CLANG_WARN_UNREACHABLE_CODE = YES;
				CLANG_WARN__DUPLICATE_METHOD_MATCH = YES;
				COPY_PHASE_STRIP = NO;
				DEBUG_INFORMATION_FORMAT = dwarf;
				ENABLE_STRICT_OBJC_MSGSEND = YES;
				ENABLE_TESTABILITY = YES;
				GCC_C_LANGUAGE_STANDARD = gnu11;
				GCC_DYNAMIC_NO_PIC = NO;
				GCC_NO_COMMON_BLOCKS = YES;
				GCC_OPTIMIZATION_LEVEL = 0;
				GCC_PREPROCESSOR_DEFINITIONS = (
					"DEBUG=1",
					"$(inherited)",
				);
				GCC_WARN_64_TO_32_BIT_CONVERSION = YES;
				GCC_WARN_ABOUT_RETURN_TYPE = YES_ERROR;
				GCC_WARN_UNDECLARED_SELECTOR = YES;
				GCC_WARN_UNINITIALIZED_AUTOS = YES_AGGRESSIVE;
				GCC_WARN_UNUSED_FUNCTION = YES;
				GCC_WARN_UNUSED_VARIABLE = YES;
				IPHONEOS_DEPLOYMENT_TARGET = 13.4;
				MTL_ENABLE_DEBUG_INFO = INCLUDE_SOURCE;
				MTL_FAST_MATH = YES;
				ONLY_ACTIVE_ARCH = YES;
				SDKROOT = iphoneos;
				SWIFT_ACTIVE_COMPILATION_CONDITIONS = DEBUG;
				SWIFT_OPTIMIZATION_LEVEL = "-Onone";
			};
			name = Debug;
		};
		E24866162453C3C9009E66D4 /* Release */ = {
			isa = XCBuildConfiguration;
			buildSettings = {
				ALWAYS_SEARCH_USER_PATHS = NO;
				CLANG_ANALYZER_NONNULL = YES;
				CLANG_ANALYZER_NUMBER_OBJECT_CONVERSION = YES_AGGRESSIVE;
				CLANG_CXX_LANGUAGE_STANDARD = "gnu++14";
				CLANG_CXX_LIBRARY = "libc++";
				CLANG_ENABLE_MODULES = YES;
				CLANG_ENABLE_OBJC_ARC = YES;
				CLANG_ENABLE_OBJC_WEAK = YES;
				CLANG_WARN_BLOCK_CAPTURE_AUTORELEASING = YES;
				CLANG_WARN_BOOL_CONVERSION = YES;
				CLANG_WARN_COMMA = YES;
				CLANG_WARN_CONSTANT_CONVERSION = YES;
				CLANG_WARN_DEPRECATED_OBJC_IMPLEMENTATIONS = YES;
				CLANG_WARN_DIRECT_OBJC_ISA_USAGE = YES_ERROR;
				CLANG_WARN_DOCUMENTATION_COMMENTS = YES;
				CLANG_WARN_EMPTY_BODY = YES;
				CLANG_WARN_ENUM_CONVERSION = YES;
				CLANG_WARN_INFINITE_RECURSION = YES;
				CLANG_WARN_INT_CONVERSION = YES;
				CLANG_WARN_NON_LITERAL_NULL_CONVERSION = YES;
				CLANG_WARN_OBJC_IMPLICIT_RETAIN_SELF = YES;
				CLANG_WARN_OBJC_LITERAL_CONVERSION = YES;
				CLANG_WARN_OBJC_ROOT_CLASS = YES_ERROR;
				CLANG_WARN_RANGE_LOOP_ANALYSIS = YES;
				CLANG_WARN_STRICT_PROTOTYPES = YES;
				CLANG_WARN_SUSPICIOUS_MOVE = YES;
				CLANG_WARN_UNGUARDED_AVAILABILITY = YES_AGGRESSIVE;
				CLANG_WARN_UNREACHABLE_CODE = YES;
				CLANG_WARN__DUPLICATE_METHOD_MATCH = YES;
				COPY_PHASE_STRIP = NO;
				DEBUG_INFORMATION_FORMAT = "dwarf-with-dsym";
				ENABLE_NS_ASSERTIONS = NO;
				ENABLE_STRICT_OBJC_MSGSEND = YES;
				GCC_C_LANGUAGE_STANDARD = gnu11;
				GCC_NO_COMMON_BLOCKS = YES;
				GCC_WARN_64_TO_32_BIT_CONVERSION = YES;
				GCC_WARN_ABOUT_RETURN_TYPE = YES_ERROR;
				GCC_WARN_UNDECLARED_SELECTOR = YES;
				GCC_WARN_UNINITIALIZED_AUTOS = YES_AGGRESSIVE;
				GCC_WARN_UNUSED_FUNCTION = YES;
				GCC_WARN_UNUSED_VARIABLE = YES;
				IPHONEOS_DEPLOYMENT_TARGET = 13.4;
				MTL_ENABLE_DEBUG_INFO = NO;
				MTL_FAST_MATH = YES;
				SDKROOT = iphoneos;
				SWIFT_COMPILATION_MODE = wholemodule;
				SWIFT_OPTIMIZATION_LEVEL = "-O";
				VALIDATE_PRODUCT = YES;
			};
			name = Release;
		};
		E24866182453C3C9009E66D4 /* Debug */ = {
			isa = XCBuildConfiguration;
			buildSettings = {
				ASSETCATALOG_COMPILER_APPICON_NAME = AppIcon;
				CODE_SIGN_STYLE = Automatic;
				INFOPLIST_FILE = TempControl2/Info.plist;
				LD_RUNPATH_SEARCH_PATHS = (
					"$(inherited)",
					"@executable_path/Frameworks",
				);
				PRODUCT_BUNDLE_IDENTIFIER = com.ucsd.HeatSync;
				PRODUCT_NAME = "$(TARGET_NAME)";
				SWIFT_VERSION = 5.0;
				TARGETED_DEVICE_FAMILY = 1;
			};
			name = Debug;
		};
		E24866192453C3C9009E66D4 /* Release */ = {
			isa = XCBuildConfiguration;
			buildSettings = {
				ASSETCATALOG_COMPILER_APPICON_NAME = AppIcon;
				CODE_SIGN_STYLE = Automatic;
				INFOPLIST_FILE = TempControl2/Info.plist;
				LD_RUNPATH_SEARCH_PATHS = (
					"$(inherited)",
					"@executable_path/Frameworks",
				);
				PRODUCT_BUNDLE_IDENTIFIER = com.ucsd.HeatSync;
				PRODUCT_NAME = "$(TARGET_NAME)";
				SWIFT_VERSION = 5.0;
				TARGETED_DEVICE_FAMILY = 1;
			};
			name = Release;
		};
/* End XCBuildConfiguration section */

/* Begin XCConfigurationList section */
		E24865FE2453C3C8009E66D4 /* Build configuration list for PBXProject "HeatSync" */ = {
			isa = XCConfigurationList;
			buildConfigurations = (
				E24866152453C3C9009E66D4 /* Debug */,
				E24866162453C3C9009E66D4 /* Release */,
			);
			defaultConfigurationIsVisible = 0;
			defaultConfigurationName = Release;
		};
		E24866172453C3C9009E66D4 /* Build configuration list for PBXNativeTarget "HeatSync" */ = {
			isa = XCConfigurationList;
			buildConfigurations = (
				E24866182453C3C9009E66D4 /* Debug */,
				E24866192453C3C9009E66D4 /* Release */,
			);
			defaultConfigurationIsVisible = 0;
			defaultConfigurationName = Release;
		};
/* End XCConfigurationList section */
	};
	rootObject = E24865FB2453C3C8009E66D4 /* Project object */;
}
